
Microsoft Visual Studio Solution File, Format Version 12.00
# Visual Studio 15
VisualStudioVersion = 15.0.27428.2043
MinimumVisualStudioVersion = 10.0.40219.1
Project("{9A19103F-16F7-4668-BE54-9A1E7A4F7556}") = "WebScrapingWithDotNetCore", "WebScrapingWithDotNetCore.csproj", "{996CB53E-977A-47B4-B6EE-AAEF730FD130}"
EndProject
Global
	GlobalSection(SolutionConfigurationPlatforms) = preSolution
		Debug|Any CPU = Debug|Any CPU
		Release|Any CPU = Release|Any CPU
	EndGlobalSection
	GlobalSection(ProjectConfigurationPlatforms) = postSolution
		{996CB53E-977A-47B4-B6EE-AAEF730FD130}.Debug|Any CPU.ActiveCfg = Debug|Any CPU
		{996CB53E-977A-47B4-B6EE-AAEF730FD130}.Debug|Any CPU.Build.0 = Debug|Any CPU
		{996CB53E-977A-47B4-B6EE-AAEF730FD130}.Release|Any CPU.ActiveCfg = Release|Any CPU
		{996CB53E-977A-47B4-B6EE-AAEF730FD130}.Release|Any CPU.Build.0 = Release|Any CPU
	EndGlobalSection
	GlobalSection(SolutionProperties) = preSolution
		HideSolutionNode = FALSE
	EndGlobalSection
	GlobalSection(ExtensibilityGlobals) = postSolution
		SolutionGuid = {0B467E6F-AF8B-4A81-ADAB-57F3B98DCBF9}
	EndGlobalSection
EndGlobal
